// !$*UTF8*$!
{
	archiveVersion = 1;
	classes = {
	};
	objectVersion = 46;
	objects = {
/* Begin PBXBuildFile section */
		0207DA581B56EA530066E2B4 /* Images.xcassets in Resources */ = {isa = PBXBuildFile; fileRef = 0207DA571B56EA530066E2B4 /* Images.xcassets */; };
		07E57425B6CF4C41B51A93D6 /* AudioToolbox.framework in Frameworks */ = {isa = PBXBuildFile; fileRef = D1462654F1F149F791434C51 /* AudioToolbox.framework */; settings = {ATTRIBUTES = (Weak, ); }; };
		10E8FC32D02B4FB28FC9428D /* SystemConfiguration.framework in Frameworks */ = {isa = PBXBuildFile; fileRef = 7A92A1C6C0E24532B29BA88C /* SystemConfiguration.framework */; settings = {ATTRIBUTES = (Weak, ); }; };
		1D3623260D0F684500981E51 /* AppDelegate.m in Sources */ = {isa = PBXBuildFile; fileRef = 1D3623250D0F684500981E51 /* AppDelegate.m */; };
		1D60589B0D05DD56006BFB54 /* main.m in Sources */ = {isa = PBXBuildFile; fileRef = 29B97316FDCFA39411CA2CEA /* main.m */; };
		1FFC9B8B504B4F52A5577ABB /* CDVViewController+SplashScreen.m in Sources */ = {isa = PBXBuildFile; fileRef = A48629411CD946A49423BD13 /* CDVViewController+SplashScreen.m */; };
		23B608AAD7A3459EAA811200 /* QuartzCore.framework in Frameworks */ = {isa = PBXBuildFile; fileRef = 8E7CC9AEB8F247C1A4F9B54C /* QuartzCore.framework */; };
		25AA10EEBEE34482804F85A2 /* FBSDKShareKit.framework in Frameworks */ = {isa = PBXBuildFile; fileRef = AB2397FBF3E74AE28218E531 /* FBSDKShareKit.framework */; };
		301BF552109A68D80062928A /* libCordova.a in Frameworks */ = {isa = PBXBuildFile; fileRef = 301BF535109A57CC0062928A /* libCordova.a */; };
		302D95F114D2391D003F00A1 /* MainViewController.m in Sources */ = {isa = PBXBuildFile; fileRef = 302D95EF14D2391D003F00A1 /* MainViewController.m */; };
		302D95F214D2391D003F00A1 /* MainViewController.xib in Resources */ = {isa = PBXBuildFile; fileRef = 302D95F014D2391D003F00A1 /* MainViewController.xib */; };
		3047A5121AB8059700498E2A /* build-debug.xcconfig in Resources */ = {isa = PBXBuildFile; fileRef = 3047A50F1AB8059700498E2A /* build-debug.xcconfig */; };
		3047A5131AB8059700498E2A /* build-release.xcconfig in Resources */ = {isa = PBXBuildFile; fileRef = 3047A5101AB8059700498E2A /* build-release.xcconfig */; };
		3047A5141AB8059700498E2A /* build.xcconfig in Resources */ = {isa = PBXBuildFile; fileRef = 3047A5111AB8059700498E2A /* build.xcconfig */; };
		334D9B76F30F4630AE9AC12A /* FBSDKCoreKit.framework in Frameworks */ = {isa = PBXBuildFile; fileRef = 5FB39B7B1E6A49F1BF88FEFA /* FBSDKCoreKit.framework */; };
		4AA7411848FF44199DA9248D /* Toast+UIView.m in Sources */ = {isa = PBXBuildFile; fileRef = EFBA11229EA449DA822C872B /* Toast+UIView.m */; };
		4B9BF112CA574B8695B8A7B5 /* CDVSound.m in Sources */ = {isa = PBXBuildFile; fileRef = 78540E4C8D9B40F0A00B87BE /* CDVSound.m */; };
		4EF92DCE003B4F088A21CD5D /* CDVConnection.m in Sources */ = {isa = PBXBuildFile; fileRef = 968F616AFB33452CB407C826 /* CDVConnection.m */; };
		539A49E240CC4174B4500A17 /* CoreTelephony.framework in Frameworks */ = {isa = PBXBuildFile; fileRef = 8706B1F286664299898014FC /* CoreTelephony.framework */; };
		55A3458F75484C4A889D9FCC /* CDVDevice.m in Sources */ = {isa = PBXBuildFile; fileRef = 5621AEB125314844BB915BD4 /* CDVDevice.m */; };
		6632CA9CCB68453297BFAF25 /* MRemoteCommand.m in Sources */ = {isa = PBXBuildFile; fileRef = 1B6458C32918409DBD43F62A /* MRemoteCommand.m */; };
		663C6C675E6E4B129A1A3B97 /* Toast.m in Sources */ = {isa = PBXBuildFile; fileRef = A50D13EB0B854163A4BBCBBF /* Toast.m */; };
		7C388ACF039E45AFAE4823CF /* CDVReachability.m in Sources */ = {isa = PBXBuildFile; fileRef = D2B42828A89A4ADF84927AAC /* CDVReachability.m */; };
		89D0E1CB51E0401D92A68E90 /* CDVFile.m in Sources */ = {isa = PBXBuildFile; fileRef = 53CCF8F53CDA48FDAD64552C /* CDVFile.m */; };
		8E9C424FB8EF4218B3AFA087 /* FacebookConnectPlugin.m in Sources */ = {isa = PBXBuildFile; fileRef = 873828FF4D274C4B96832A4F /* FacebookConnectPlugin.m */; };
		91111850F3AB4F3FB556EC46 /* CDVStatusBar.m in Sources */ = {isa = PBXBuildFile; fileRef = 93E0919259F642439B7F1B19 /* CDVStatusBar.m */; };
		93079C9C476A4143B4500E5D /* Bolts.framework in Frameworks */ = {isa = PBXBuildFile; fileRef = 2F080B3454084AB2B6E8DE01 /* Bolts.framework */; };
		AD24754025894B288CA56B97 /* CDVSplashScreen.m in Sources */ = {isa = PBXBuildFile; fileRef = 9E41429D14F440BB973FE7C4 /* CDVSplashScreen.m */; };
		B1C35E2E811440F9886862A6 /* FBSDKLoginKit.framework in Frameworks */ = {isa = PBXBuildFile; fileRef = 695902047FEE4E9AB12B6183 /* FBSDKLoginKit.framework */; };
		C0FC2B8B86074C66BE15954E /* CDVLogger.m in Sources */ = {isa = PBXBuildFile; fileRef = D3190096C0664D6098FB8054 /* CDVLogger.m */; };
		CB4BFA74F16D49F393FF821C /* MNowPlaying.m in Sources */ = {isa = PBXBuildFile; fileRef = 5E367D354B0D41E29D794157 /* MNowPlaying.m */; };
		DD0C429D8892493697B5C67C /* BackgroundAudio.m in Sources */ = {isa = PBXBuildFile; fileRef = 2B072562048A4B84817F0A00 /* BackgroundAudio.m */; };
		ED51A2F8AEBB4B0BB0A72E11 /* CDVLocalFilesystem.m in Sources */ = {isa = PBXBuildFile; fileRef = F8A0EC93D99840BAAAD03B1B /* CDVLocalFilesystem.m */; };
		EF3EF9AFD6574D9D831E27B1 /* CDVAssetLibraryFilesystem.m in Sources */ = {isa = PBXBuildFile; fileRef = E1680D7921D4431CA265BA58 /* CDVAssetLibraryFilesystem.m */; };
		F2F9ADCD2AB24F7DA10DF2EB /* CDVVibration.m in Sources */ = {isa = PBXBuildFile; fileRef = 6278F89E4E774DCC92D63EB9 /* CDVVibration.m */; };
/* End PBXBuildFile section */

/* Begin PBXContainerItemProxy section */
		301BF534109A57CC0062928A /* PBXContainerItemProxy */ = {
			isa = PBXContainerItemProxy;
			containerPortal = 301BF52D109A57CC0062928A /* CordovaLib.xcodeproj */;
			proxyType = 2;
			remoteGlobalIDString = D2AAC07E0554694100DB518D;
			remoteInfo = CordovaLib;
		};
		301BF550109A68C00062928A /* PBXContainerItemProxy */ = {
			isa = PBXContainerItemProxy;
			containerPortal = 301BF52D109A57CC0062928A /* CordovaLib.xcodeproj */;
			proxyType = 1;
			remoteGlobalIDString = D2AAC07D0554694100DB518D;
			remoteInfo = CordovaLib;
		};
/* End PBXContainerItemProxy section */

/* Begin PBXFileReference section */
		0207DA571B56EA530066E2B4 /* Images.xcassets */ = {isa = PBXFileReference; lastKnownFileType = folder.assetcatalog; name = Images.xcassets; path = TataRadio/Images.xcassets; sourceTree = SOURCE_ROOT; };
		07826E9656A44B06B45BCF07 /* CDVStatusBar.h */ = {isa = PBXFileReference; explicitFileType = undefined; fileEncoding = 4; includeInIndex = 0; lastKnownFileType = sourcecode.c.h; name = CDVStatusBar.h; path = "cordova-plugin-statusbar/CDVStatusBar.h"; sourceTree = "<group>"; };
		085C7D7053BD44919A21A875 /* BackgroundAudio.h */ = {isa = PBXFileReference; explicitFileType = undefined; fileEncoding = 4; includeInIndex = 0; lastKnownFileType = sourcecode.c.h; name = BackgroundAudio.h; path = "nl.x-services.plugins.backgroundaudio/BackgroundAudio.h"; sourceTree = "<group>"; };
		0931222498CB45BD96491726 /* CDVViewController+SplashScreen.h */ = {isa = PBXFileReference; explicitFileType = undefined; fileEncoding = 4; includeInIndex = 0; lastKnownFileType = sourcecode.c.h; name = "CDVViewController+SplashScreen.h"; path = "cordova-plugin-splashscreen/CDVViewController+SplashScreen.h"; sourceTree = "<group>"; };
		1B6458C32918409DBD43F62A /* MRemoteCommand.m */ = {isa = PBXFileReference; explicitFileType = undefined; fileEncoding = 4; includeInIndex = 0; lastKnownFileType = sourcecode.c.objc; name = MRemoteCommand.m; path = "cordova-plugin-remotecommand/MRemoteCommand.m"; sourceTree = "<group>"; };
		1D3623240D0F684500981E51 /* AppDelegate.h */ = {isa = PBXFileReference; fileEncoding = 4; lastKnownFileType = sourcecode.c.h; path = AppDelegate.h; sourceTree = "<group>"; };
		1D3623250D0F684500981E51 /* AppDelegate.m */ = {isa = PBXFileReference; fileEncoding = 4; lastKnownFileType = sourcecode.c.objc; path = AppDelegate.m; sourceTree = "<group>"; };
		1D6058910D05DD3D006BFB54 /* TataRadio.app */ = {isa = PBXFileReference; explicitFileType = wrapper.application; includeInIndex = 0; path = TataRadio.app; sourceTree = BUILT_PRODUCTS_DIR; };
		29B97316FDCFA39411CA2CEA /* main.m */ = {isa = PBXFileReference; fileEncoding = 4; lastKnownFileType = sourcecode.c.objc; path = main.m; sourceTree = "<group>"; };
		2B072562048A4B84817F0A00 /* BackgroundAudio.m */ = {isa = PBXFileReference; explicitFileType = undefined; fileEncoding = 4; includeInIndex = 0; lastKnownFileType = sourcecode.c.objc; name = BackgroundAudio.m; path = "nl.x-services.plugins.backgroundaudio/BackgroundAudio.m"; sourceTree = "<group>"; };
		2F080B3454084AB2B6E8DE01 /* Bolts.framework */ = {isa = PBXFileReference; explicitFileType = undefined; fileEncoding = 9; includeInIndex = 0; lastKnownFileType = wrapper.framework; name = Bolts.framework; path = "TataRadio/Plugins/cordova-plugin-facebook4/Bolts.framework"; sourceTree = "<group>"; };
		301BF52D109A57CC0062928A /* CordovaLib.xcodeproj */ = {isa = PBXFileReference; lastKnownFileType = "wrapper.pb-project"; name = CordovaLib.xcodeproj; path = CordovaLib/CordovaLib.xcodeproj; sourceTree = "<group>"; };
		301BF56E109A69640062928A /* www */ = {isa = PBXFileReference; lastKnownFileType = folder; path = www; sourceTree = SOURCE_ROOT; };
		302D95EE14D2391D003F00A1 /* MainViewController.h */ = {isa = PBXFileReference; fileEncoding = 4; lastKnownFileType = sourcecode.c.h; path = MainViewController.h; sourceTree = "<group>"; };
		302D95EF14D2391D003F00A1 /* MainViewController.m */ = {isa = PBXFileReference; fileEncoding = 4; lastKnownFileType = sourcecode.c.objc; path = MainViewController.m; sourceTree = "<group>"; };
		302D95F014D2391D003F00A1 /* MainViewController.xib */ = {isa = PBXFileReference; fileEncoding = 4; lastKnownFileType = file.xib; path = MainViewController.xib; sourceTree = "<group>"; };
		3047A50F1AB8059700498E2A /* build-debug.xcconfig */ = {isa = PBXFileReference; fileEncoding = 4; lastKnownFileType = text.xcconfig; name = "build-debug.xcconfig"; path = "cordova/build-debug.xcconfig"; sourceTree = SOURCE_ROOT; };
		3047A5101AB8059700498E2A /* build-release.xcconfig */ = {isa = PBXFileReference; fileEncoding = 4; lastKnownFileType = text.xcconfig; name = "build-release.xcconfig"; path = "cordova/build-release.xcconfig"; sourceTree = SOURCE_ROOT; };
		3047A5111AB8059700498E2A /* build.xcconfig */ = {isa = PBXFileReference; fileEncoding = 4; lastKnownFileType = text.xcconfig; name = build.xcconfig; path = cordova/build.xcconfig; sourceTree = SOURCE_ROOT; };
		32CA4F630368D1EE00C91783 /* TataRadio-Prefix.pch */ = {isa = PBXFileReference; fileEncoding = 4; lastKnownFileType = sourcecode.c.h; path = "TataRadio-Prefix.pch"; sourceTree = "<group>"; };
		3C78E960E0204614A3F284C0 /* CDVAssetLibraryFilesystem.h */ = {isa = PBXFileReference; explicitFileType = undefined; fileEncoding = 4; includeInIndex = 0; lastKnownFileType = sourcecode.c.h; name = CDVAssetLibraryFilesystem.h; path = "cordova-plugin-file/CDVAssetLibraryFilesystem.h"; sourceTree = "<group>"; };
		3E71C867922B468A938C6F96 /* CDVSound.h */ = {isa = PBXFileReference; explicitFileType = undefined; fileEncoding = 4; includeInIndex = 0; lastKnownFileType = sourcecode.c.h; name = CDVSound.h; path = "cordova-plugin-media/CDVSound.h"; sourceTree = "<group>"; };
		415BE9A4B7904B0DA5A3018D /* CDVConnection.h */ = {isa = PBXFileReference; explicitFileType = undefined; fileEncoding = 4; includeInIndex = 0; lastKnownFileType = sourcecode.c.h; name = CDVConnection.h; path = "cordova-plugin-network-information/CDVConnection.h"; sourceTree = "<group>"; };
		53CCF8F53CDA48FDAD64552C /* CDVFile.m */ = {isa = PBXFileReference; explicitFileType = undefined; fileEncoding = 4; includeInIndex = 0; lastKnownFileType = sourcecode.c.objc; name = CDVFile.m; path = "cordova-plugin-file/CDVFile.m"; sourceTree = "<group>"; };
		5621AEB125314844BB915BD4 /* CDVDevice.m */ = {isa = PBXFileReference; explicitFileType = undefined; fileEncoding = 4; includeInIndex = 0; lastKnownFileType = sourcecode.c.objc; name = CDVDevice.m; path = "cordova-plugin-device/CDVDevice.m"; sourceTree = "<group>"; };
		58493E52901A45A581605C8D /* CDVDevice.h */ = {isa = PBXFileReference; explicitFileType = undefined; fileEncoding = 4; includeInIndex = 0; lastKnownFileType = sourcecode.c.h; name = CDVDevice.h; path = "cordova-plugin-device/CDVDevice.h"; sourceTree = "<group>"; };
		5E367D354B0D41E29D794157 /* MNowPlaying.m */ = {isa = PBXFileReference; explicitFileType = undefined; fileEncoding = 4; includeInIndex = 0; lastKnownFileType = sourcecode.c.objc; name = MNowPlaying.m; path = "cordova-plugin-nowplaying/MNowPlaying.m"; sourceTree = "<group>"; };
		5FB39B7B1E6A49F1BF88FEFA /* FBSDKCoreKit.framework */ = {isa = PBXFileReference; explicitFileType = undefined; fileEncoding = 9; includeInIndex = 0; lastKnownFileType = wrapper.framework; name = FBSDKCoreKit.framework; path = "TataRadio/Plugins/cordova-plugin-facebook4/FBSDKCoreKit.framework"; sourceTree = "<group>"; };
		624FA9ECBCC843B7B9E2F05D /* FacebookConnectPlugin.h */ = {isa = PBXFileReference; explicitFileType = undefined; fileEncoding = 4; includeInIndex = 0; lastKnownFileType = sourcecode.c.h; name = FacebookConnectPlugin.h; path = "cordova-plugin-facebook4/FacebookConnectPlugin.h"; sourceTree = "<group>"; };
		6278F89E4E774DCC92D63EB9 /* CDVVibration.m */ = {isa = PBXFileReference; explicitFileType = undefined; fileEncoding = 4; includeInIndex = 0; lastKnownFileType = sourcecode.c.objc; name = CDVVibration.m; path = "cordova-plugin-vibration/CDVVibration.m"; sourceTree = "<group>"; };
		695902047FEE4E9AB12B6183 /* FBSDKLoginKit.framework */ = {isa = PBXFileReference; explicitFileType = undefined; fileEncoding = 9; includeInIndex = 0; lastKnownFileType = wrapper.framework; name = FBSDKLoginKit.framework; path = "TataRadio/Plugins/cordova-plugin-facebook4/FBSDKLoginKit.framework"; sourceTree = "<group>"; };
		78540E4C8D9B40F0A00B87BE /* CDVSound.m */ = {isa = PBXFileReference; explicitFileType = undefined; fileEncoding = 4; includeInIndex = 0; lastKnownFileType = sourcecode.c.objc; name = CDVSound.m; path = "cordova-plugin-media/CDVSound.m"; sourceTree = "<group>"; };
		7A92A1C6C0E24532B29BA88C /* SystemConfiguration.framework */ = {isa = PBXFileReference; explicitFileType = undefined; fileEncoding = 9; includeInIndex = 0; lastKnownFileType = wrapper.framework; name = SystemConfiguration.framework; path = System/Library/Frameworks/SystemConfiguration.framework; sourceTree = SDKROOT; };
		8284616916EC4F7288AFE261 /* CDVSplashScreen.h */ = {isa = PBXFileReference; explicitFileType = undefined; fileEncoding = 4; includeInIndex = 0; lastKnownFileType = sourcecode.c.h; name = CDVSplashScreen.h; path = "cordova-plugin-splashscreen/CDVSplashScreen.h"; sourceTree = "<group>"; };
		8586E5DF34954866BD897AC4 /* CDVReachability.h */ = {isa = PBXFileReference; explicitFileType = undefined; fileEncoding = 4; includeInIndex = 0; lastKnownFileType = sourcecode.c.h; name = CDVReachability.h; path = "cordova-plugin-network-information/CDVReachability.h"; sourceTree = "<group>"; };
		8706B1F286664299898014FC /* CoreTelephony.framework */ = {isa = PBXFileReference; explicitFileType = undefined; fileEncoding = 9; includeInIndex = 0; lastKnownFileType = wrapper.framework; name = CoreTelephony.framework; path = System/Library/Frameworks/CoreTelephony.framework; sourceTree = SDKROOT; };
		873828FF4D274C4B96832A4F /* FacebookConnectPlugin.m */ = {isa = PBXFileReference; explicitFileType = undefined; fileEncoding = 4; includeInIndex = 0; lastKnownFileType = sourcecode.c.objc; name = FacebookConnectPlugin.m; path = "cordova-plugin-facebook4/FacebookConnectPlugin.m"; sourceTree = "<group>"; };
		8D1107310486CEB800E47090 /* TataRadio-Info.plist */ = {isa = PBXFileReference; fileEncoding = 4; lastKnownFileType = text.plist.xml; name = "TataRadio-Info.plist"; path = "TataRadio/TataRadio-Info.plist"; plistStructureDefinitionIdentifier = "com.apple.xcode.plist.structure-definition.iphone.info-plist"; sourceTree = SOURCE_ROOT; };
		8E7CC9AEB8F247C1A4F9B54C /* QuartzCore.framework */ = {isa = PBXFileReference; explicitFileType = undefined; fileEncoding = 9; includeInIndex = 0; lastKnownFileType = wrapper.framework; name = QuartzCore.framework; path = System/Library/Frameworks/QuartzCore.framework; sourceTree = SDKROOT; };
		93E0919259F642439B7F1B19 /* CDVStatusBar.m */ = {isa = PBXFileReference; explicitFileType = undefined; fileEncoding = 4; includeInIndex = 0; lastKnownFileType = sourcecode.c.objc; name = CDVStatusBar.m; path = "cordova-plugin-statusbar/CDVStatusBar.m"; sourceTree = "<group>"; };
		94D31AED591245DFB94BDB1F /* CDVVibration.h */ = {isa = PBXFileReference; explicitFileType = undefined; fileEncoding = 4; includeInIndex = 0; lastKnownFileType = sourcecode.c.h; name = CDVVibration.h; path = "cordova-plugin-vibration/CDVVibration.h"; sourceTree = "<group>"; };
		968F616AFB33452CB407C826 /* CDVConnection.m */ = {isa = PBXFileReference; explicitFileType = undefined; fileEncoding = 4; includeInIndex = 0; lastKnownFileType = sourcecode.c.objc; name = CDVConnection.m; path = "cordova-plugin-network-information/CDVConnection.m"; sourceTree = "<group>"; };
		9E41429D14F440BB973FE7C4 /* CDVSplashScreen.m */ = {isa = PBXFileReference; explicitFileType = undefined; fileEncoding = 4; includeInIndex = 0; lastKnownFileType = sourcecode.c.objc; name = CDVSplashScreen.m; path = "cordova-plugin-splashscreen/CDVSplashScreen.m"; sourceTree = "<group>"; };
		A48629411CD946A49423BD13 /* CDVViewController+SplashScreen.m */ = {isa = PBXFileReference; explicitFileType = undefined; fileEncoding = 4; includeInIndex = 0; lastKnownFileType = sourcecode.c.objc; name = "CDVViewController+SplashScreen.m"; path = "cordova-plugin-splashscreen/CDVViewController+SplashScreen.m"; sourceTree = "<group>"; };
		A50D13EB0B854163A4BBCBBF /* Toast.m */ = {isa = PBXFileReference; explicitFileType = undefined; fileEncoding = 4; includeInIndex = 0; lastKnownFileType = sourcecode.c.objc; name = Toast.m; path = "cordova-plugin-x-toast/Toast.m"; sourceTree = "<group>"; };
		AA330BC60F3F463A95531544 /* Toast.h */ = {isa = PBXFileReference; explicitFileType = undefined; fileEncoding = 4; includeInIndex = 0; lastKnownFileType = sourcecode.c.h; name = Toast.h; path = "cordova-plugin-x-toast/Toast.h"; sourceTree = "<group>"; };
		AB2397FBF3E74AE28218E531 /* FBSDKShareKit.framework */ = {isa = PBXFileReference; explicitFileType = undefined; fileEncoding = 9; includeInIndex = 0; lastKnownFileType = wrapper.framework; name = FBSDKShareKit.framework; path = "TataRadio/Plugins/cordova-plugin-facebook4/FBSDKShareKit.framework"; sourceTree = "<group>"; };
		B2BE52AB220C47EE8E31B9DF /* CDVLogger.h */ = {isa = PBXFileReference; explicitFileType = undefined; fileEncoding = 4; includeInIndex = 0; lastKnownFileType = sourcecode.c.h; name = CDVLogger.h; path = "cordova-plugin-console/CDVLogger.h"; sourceTree = "<group>"; };
		B822BEFB684A4281BC6ADA1B /* Toast+UIView.h */ = {isa = PBXFileReference; explicitFileType = undefined; fileEncoding = 4; includeInIndex = 0; lastKnownFileType = sourcecode.c.h; name = "Toast+UIView.h"; path = "cordova-plugin-x-toast/Toast+UIView.h"; sourceTree = "<group>"; };
		D1462654F1F149F791434C51 /* AudioToolbox.framework */ = {isa = PBXFileReference; explicitFileType = undefined; fileEncoding = 9; includeInIndex = 0; lastKnownFileType = wrapper.framework; name = AudioToolbox.framework; path = System/Library/Frameworks/AudioToolbox.framework; sourceTree = SDKROOT; };
		D232CCEBBC1A4A4B9176E3B5 /* MRemoteCommand.h */ = {isa = PBXFileReference; explicitFileType = undefined; fileEncoding = 4; includeInIndex = 0; lastKnownFileType = sourcecode.c.h; name = MRemoteCommand.h; path = "cordova-plugin-remotecommand/MRemoteCommand.h"; sourceTree = "<group>"; };
		D2B42828A89A4ADF84927AAC /* CDVReachability.m */ = {isa = PBXFileReference; explicitFileType = undefined; fileEncoding = 4; includeInIndex = 0; lastKnownFileType = sourcecode.c.objc; name = CDVReachability.m; path = "cordova-plugin-network-information/CDVReachability.m"; sourceTree = "<group>"; };
		D3190096C0664D6098FB8054 /* CDVLogger.m */ = {isa = PBXFileReference; explicitFileType = undefined; fileEncoding = 4; includeInIndex = 0; lastKnownFileType = sourcecode.c.objc; name = CDVLogger.m; path = "cordova-plugin-console/CDVLogger.m"; sourceTree = "<group>"; };
		D5E29B9C96DD4D14A3F2AA5E /* CDVFile.h */ = {isa = PBXFileReference; explicitFileType = undefined; fileEncoding = 4; includeInIndex = 0; lastKnownFileType = sourcecode.c.h; name = CDVFile.h; path = "cordova-plugin-file/CDVFile.h"; sourceTree = "<group>"; };
		D8C78B5D53874481A3A50D47 /* CDVLocalFilesystem.h */ = {isa = PBXFileReference; explicitFileType = undefined; fileEncoding = 4; includeInIndex = 0; lastKnownFileType = sourcecode.c.h; name = CDVLocalFilesystem.h; path = "cordova-plugin-file/CDVLocalFilesystem.h"; sourceTree = "<group>"; };
		E1680D7921D4431CA265BA58 /* CDVAssetLibraryFilesystem.m */ = {isa = PBXFileReference; explicitFileType = undefined; fileEncoding = 4; includeInIndex = 0; lastKnownFileType = sourcecode.c.objc; name = CDVAssetLibraryFilesystem.m; path = "cordova-plugin-file/CDVAssetLibraryFilesystem.m"; sourceTree = "<group>"; };
		EB87FDF31871DA8E0020F90C /* www */ = {isa = PBXFileReference; lastKnownFileType = folder; name = www; path = ../../www; sourceTree = "<group>"; };
		EB87FDF41871DAF40020F90C /* config.xml */ = {isa = PBXFileReference; lastKnownFileType = text.xml; name = config.xml; path = ../../config.xml; sourceTree = "<group>"; };
		ED33DF2A687741AEAF9F8254 /* Bridging-Header.h */ = {isa = PBXFileReference; fileEncoding = 4; lastKnownFileType = sourcecode.c.h; path = "Bridging-Header.h"; sourceTree = "<group>"; };
		EFBA11229EA449DA822C872B /* Toast+UIView.m */ = {isa = PBXFileReference; explicitFileType = undefined; fileEncoding = 4; includeInIndex = 0; lastKnownFileType = sourcecode.c.objc; name = "Toast+UIView.m"; path = "cordova-plugin-x-toast/Toast+UIView.m"; sourceTree = "<group>"; };
		F840E1F0165FE0F500CFE078 /* config.xml */ = {isa = PBXFileReference; lastKnownFileType = text.xml; name = config.xml; path = TataRadio/config.xml; sourceTree = "<group>"; };
		F8A0EC93D99840BAAAD03B1B /* CDVLocalFilesystem.m */ = {isa = PBXFileReference; explicitFileType = undefined; fileEncoding = 4; includeInIndex = 0; lastKnownFileType = sourcecode.c.objc; name = CDVLocalFilesystem.m; path = "cordova-plugin-file/CDVLocalFilesystem.m"; sourceTree = "<group>"; };
		F998F424DF69427C9675678E /* MNowPlaying.h */ = {isa = PBXFileReference; explicitFileType = undefined; fileEncoding = 4; includeInIndex = 0; lastKnownFileType = sourcecode.c.h; name = MNowPlaying.h; path = "cordova-plugin-nowplaying/MNowPlaying.h"; sourceTree = "<group>"; };
/* End PBXFileReference section */

/* Begin PBXFrameworksBuildPhase section */
		1D60588F0D05DD3D006BFB54 /* Frameworks */ = {
			isa = PBXFrameworksBuildPhase;
			buildActionMask = 2147483647;
			files = (
				301BF552109A68D80062928A /* libCordova.a in Frameworks */,
				93079C9C476A4143B4500E5D /* Bolts.framework in Frameworks */,
				334D9B76F30F4630AE9AC12A /* FBSDKCoreKit.framework in Frameworks */,
				B1C35E2E811440F9886862A6 /* FBSDKLoginKit.framework in Frameworks */,
				25AA10EEBEE34482804F85A2 /* FBSDKShareKit.framework in Frameworks */,
				10E8FC32D02B4FB28FC9428D /* SystemConfiguration.framework in Frameworks */,
				539A49E240CC4174B4500A17 /* CoreTelephony.framework in Frameworks */,
				07E57425B6CF4C41B51A93D6 /* AudioToolbox.framework in Frameworks */,
				23B608AAD7A3459EAA811200 /* QuartzCore.framework in Frameworks */,
			);
			runOnlyForDeploymentPostprocessing = 0;
		};
/* End PBXFrameworksBuildPhase section */

/* Begin PBXGroup section */
		080E96DDFE201D6D7F000001 /* Classes */ = {
			isa = PBXGroup;
			children = (
				302D95EE14D2391D003F00A1 /* MainViewController.h */,
				302D95EF14D2391D003F00A1 /* MainViewController.m */,
				302D95F014D2391D003F00A1 /* MainViewController.xib */,
				1D3623240D0F684500981E51 /* AppDelegate.h */,
				1D3623250D0F684500981E51 /* AppDelegate.m */,
			);
			name = Classes;
			path = TataRadio/Classes;
			sourceTree = SOURCE_ROOT;
		};
		19C28FACFE9D520D11CA2CBB /* Products */ = {
			isa = PBXGroup;
			children = (
				1D6058910D05DD3D006BFB54 /* TataRadio.app */,
			);
			name = Products;
			sourceTree = "<group>";
		};
		29B97314FDCFA39411CA2CEA /* CustomTemplate */ = {
			isa = PBXGroup;
			children = (
				EB87FDF41871DAF40020F90C /* config.xml */,
				EB87FDF31871DA8E0020F90C /* www */,
				EB87FDF11871DA420020F90C /* Staging */,
				301BF52D109A57CC0062928A /* CordovaLib.xcodeproj */,
				080E96DDFE201D6D7F000001 /* Classes */,
				307C750510C5A3420062BCA9 /* Plugins */,
				29B97315FDCFA39411CA2CEA /* Other Sources */,
				29B97317FDCFA39411CA2CEA /* Resources */,
				29B97323FDCFA39411CA2CEA /* Frameworks */,
				19C28FACFE9D520D11CA2CBB /* Products */,
			);
			name = CustomTemplate;
			sourceTree = "<group>";
		};
		29B97315FDCFA39411CA2CEA /* Other Sources */ = {
			isa = PBXGroup;
			children = (
				32CA4F630368D1EE00C91783 /* TataRadio-Prefix.pch */,
				29B97316FDCFA39411CA2CEA /* main.m */,
				ED33DF2A687741AEAF9F8254 /* Bridging-Header.h */,
			);
			name = "Other Sources";
			path = TataRadio;
			sourceTree = "<group>";
		};
		29B97317FDCFA39411CA2CEA /* Resources */ = {
			isa = PBXGroup;
			children = (
				0207DA571B56EA530066E2B4 /* Images.xcassets */,
				3047A50E1AB8057F00498E2A /* config */,
				8D1107310486CEB800E47090 /* TataRadio-Info.plist */,
			);
			name = Resources;
			path = TataRadio/Resources;
			sourceTree = "<group>";
		};
		29B97323FDCFA39411CA2CEA /* Frameworks */ = {
			isa = PBXGroup;
			children = (
				2F080B3454084AB2B6E8DE01 /* Bolts.framework */,
				5FB39B7B1E6A49F1BF88FEFA /* FBSDKCoreKit.framework */,
				695902047FEE4E9AB12B6183 /* FBSDKLoginKit.framework */,
				AB2397FBF3E74AE28218E531 /* FBSDKShareKit.framework */,
				7A92A1C6C0E24532B29BA88C /* SystemConfiguration.framework */,
				8706B1F286664299898014FC /* CoreTelephony.framework */,
				D1462654F1F149F791434C51 /* AudioToolbox.framework */,
				8E7CC9AEB8F247C1A4F9B54C /* QuartzCore.framework */,
			);
			name = Frameworks;
			sourceTree = "<group>";
		};
		301BF52E109A57CC0062928A /* Products */ = {
			isa = PBXGroup;
			children = (
				301BF535109A57CC0062928A /* libCordova.a */,
			);
			name = Products;
			sourceTree = "<group>";
		};
		3047A50E1AB8057F00498E2A /* config */ = {
			isa = PBXGroup;
			children = (
				3047A50F1AB8059700498E2A /* build-debug.xcconfig */,
				3047A5101AB8059700498E2A /* build-release.xcconfig */,
				3047A5111AB8059700498E2A /* build.xcconfig */,
			);
			name = config;
			sourceTree = "<group>";
		};
		307C750510C5A3420062BCA9 /* Plugins */ = {
			isa = PBXGroup;
			children = (
				D3190096C0664D6098FB8054 /* CDVLogger.m */,
				B2BE52AB220C47EE8E31B9DF /* CDVLogger.h */,
				5621AEB125314844BB915BD4 /* CDVDevice.m */,
				58493E52901A45A581605C8D /* CDVDevice.h */,
				873828FF4D274C4B96832A4F /* FacebookConnectPlugin.m */,
				624FA9ECBCC843B7B9E2F05D /* FacebookConnectPlugin.h */,
				53CCF8F53CDA48FDAD64552C /* CDVFile.m */,
				F8A0EC93D99840BAAAD03B1B /* CDVLocalFilesystem.m */,
				E1680D7921D4431CA265BA58 /* CDVAssetLibraryFilesystem.m */,
				D5E29B9C96DD4D14A3F2AA5E /* CDVFile.h */,
				D8C78B5D53874481A3A50D47 /* CDVLocalFilesystem.h */,
				3C78E960E0204614A3F284C0 /* CDVAssetLibraryFilesystem.h */,
				78540E4C8D9B40F0A00B87BE /* CDVSound.m */,
				3E71C867922B468A938C6F96 /* CDVSound.h */,
				968F616AFB33452CB407C826 /* CDVConnection.m */,
				D2B42828A89A4ADF84927AAC /* CDVReachability.m */,
				415BE9A4B7904B0DA5A3018D /* CDVConnection.h */,
				8586E5DF34954866BD897AC4 /* CDVReachability.h */,
				5E367D354B0D41E29D794157 /* MNowPlaying.m */,
				F998F424DF69427C9675678E /* MNowPlaying.h */,
				1B6458C32918409DBD43F62A /* MRemoteCommand.m */,
				D232CCEBBC1A4A4B9176E3B5 /* MRemoteCommand.h */,
				9E41429D14F440BB973FE7C4 /* CDVSplashScreen.m */,
				A48629411CD946A49423BD13 /* CDVViewController+SplashScreen.m */,
				8284616916EC4F7288AFE261 /* CDVSplashScreen.h */,
				0931222498CB45BD96491726 /* CDVViewController+SplashScreen.h */,
				93E0919259F642439B7F1B19 /* CDVStatusBar.m */,
				07826E9656A44B06B45BCF07 /* CDVStatusBar.h */,
				6278F89E4E774DCC92D63EB9 /* CDVVibration.m */,
				94D31AED591245DFB94BDB1F /* CDVVibration.h */,
				EFBA11229EA449DA822C872B /* Toast+UIView.m */,
				A50D13EB0B854163A4BBCBBF /* Toast.m */,
				B822BEFB684A4281BC6ADA1B /* Toast+UIView.h */,
				AA330BC60F3F463A95531544 /* Toast.h */,
				2B072562048A4B84817F0A00 /* BackgroundAudio.m */,
				085C7D7053BD44919A21A875 /* BackgroundAudio.h */,
			);
			name = Plugins;
			path = TataRadio/Plugins;
			sourceTree = SOURCE_ROOT;
		};
		EB87FDF11871DA420020F90C /* Staging */ = {
			isa = PBXGroup;
			children = (
				F840E1F0165FE0F500CFE078 /* config.xml */,
				301BF56E109A69640062928A /* www */,
			);
			name = Staging;
			sourceTree = "<group>";
		};
/* End PBXGroup section */

/* Begin PBXNativeTarget section */
		1D6058900D05DD3D006BFB54 /* TataRadio */ = {
			isa = PBXNativeTarget;
			buildConfigurationList = 1D6058960D05DD3E006BFB54 /* Build configuration list for PBXNativeTarget "TataRadio" */;
			buildPhases = (
				304B58A110DAC018002A0835 /* Copy www directory */,
				1D60588D0D05DD3D006BFB54 /* Resources */,
				1D60588E0D05DD3D006BFB54 /* Sources */,
				1D60588F0D05DD3D006BFB54 /* Frameworks */,
			);
			buildRules = (
			);
			dependencies = (
				301BF551109A68C00062928A /* PBXTargetDependency */,
			);
			name = TataRadio;
			productName = TataRadio;
			productReference = 1D6058910D05DD3D006BFB54 /* TataRadio.app */;
			productType = "com.apple.product-type.application";
		};
/* End PBXNativeTarget section */

/* Begin PBXProject section */
		29B97313FDCFA39411CA2CEA /* Project object */ = {
			isa = PBXProject;
			attributes = {
				LastUpgradeCheck = 510;
			};
			buildConfigurationList = C01FCF4E08A954540054247B /* Build configuration list for PBXProject "TataRadio" */;
			compatibilityVersion = "Xcode 3.2";
			developmentRegion = English;
			hasScannedForEncodings = 1;
			knownRegions = (
				en,
			);
			mainGroup = 29B97314FDCFA39411CA2CEA /* CustomTemplate */;
			projectDirPath = "";
			projectReferences = (
				{
					ProductGroup = 301BF52E109A57CC0062928A /* Products */;
					ProjectRef = 301BF52D109A57CC0062928A /* CordovaLib.xcodeproj */;
				},
			);
			projectRoot = "";
			targets = (
				1D6058900D05DD3D006BFB54 /* TataRadio */,
			);
		};
/* End PBXProject section */

/* Begin PBXReferenceProxy section */
		301BF535109A57CC0062928A /* libCordova.a */ = {
			isa = PBXReferenceProxy;
			fileType = archive.ar;
			path = libCordova.a;
			remoteRef = 301BF534109A57CC0062928A /* PBXContainerItemProxy */;
			sourceTree = BUILT_PRODUCTS_DIR;
		};
/* End PBXReferenceProxy section */

/* Begin PBXResourcesBuildPhase section */
		1D60588D0D05DD3D006BFB54 /* Resources */ = {
			isa = PBXResourcesBuildPhase;
			buildActionMask = 2147483647;
			files = (
				302D95F214D2391D003F00A1 /* MainViewController.xib in Resources */,
				3047A5131AB8059700498E2A /* build-release.xcconfig in Resources */,
				3047A5141AB8059700498E2A /* build.xcconfig in Resources */,
				0207DA581B56EA530066E2B4 /* Images.xcassets in Resources */,
				3047A5121AB8059700498E2A /* build-debug.xcconfig in Resources */,
			);
			runOnlyForDeploymentPostprocessing = 0;
		};
/* End PBXResourcesBuildPhase section */

/* Begin PBXShellScriptBuildPhase section */
		304B58A110DAC018002A0835 /* Copy www directory */ = {
			isa = PBXShellScriptBuildPhase;
			buildActionMask = 2147483647;
			files = (
			);
			inputPaths = (
			);
			name = "Copy www directory";
			outputPaths = (
			);
			runOnlyForDeploymentPostprocessing = 0;
			shellPath = /bin/sh;
			shellScript = "NODEJS_PATH=/usr/local/bin; NVM_NODE_PATH=~/.nvm/versions/node/`nvm version 2>/dev/null`/bin; N_NODE_PATH=`find /usr/local/n/versions/node/* -maxdepth 0 -type d 2>/dev/null | tail -1`/bin; XCODE_NODE_PATH=`xcode-select --print-path`/usr/share/xcs/Node/bin; PATH=$NODEJS_PATH:$NVM_NODE_PATH:$N_NODE_PATH:$XCODE_NODE_PATH:$PATH && node cordova/lib/copy-www-build-step.js";
			showEnvVarsInLog = 0;
		};
/* End PBXShellScriptBuildPhase section */

/* Begin PBXSourcesBuildPhase section */
		1D60588E0D05DD3D006BFB54 /* Sources */ = {
			isa = PBXSourcesBuildPhase;
			buildActionMask = 2147483647;
			files = (
				1D60589B0D05DD56006BFB54 /* main.m in Sources */,
				1D3623260D0F684500981E51 /* AppDelegate.m in Sources */,
				302D95F114D2391D003F00A1 /* MainViewController.m in Sources */,
				C0FC2B8B86074C66BE15954E /* CDVLogger.m in Sources */,
				55A3458F75484C4A889D9FCC /* CDVDevice.m in Sources */,
				8E9C424FB8EF4218B3AFA087 /* FacebookConnectPlugin.m in Sources */,
				89D0E1CB51E0401D92A68E90 /* CDVFile.m in Sources */,
				ED51A2F8AEBB4B0BB0A72E11 /* CDVLocalFilesystem.m in Sources */,
				EF3EF9AFD6574D9D831E27B1 /* CDVAssetLibraryFilesystem.m in Sources */,
				4B9BF112CA574B8695B8A7B5 /* CDVSound.m in Sources */,
				4EF92DCE003B4F088A21CD5D /* CDVConnection.m in Sources */,
				7C388ACF039E45AFAE4823CF /* CDVReachability.m in Sources */,
				CB4BFA74F16D49F393FF821C /* MNowPlaying.m in Sources */,
				6632CA9CCB68453297BFAF25 /* MRemoteCommand.m in Sources */,
				AD24754025894B288CA56B97 /* CDVSplashScreen.m in Sources */,
				1FFC9B8B504B4F52A5577ABB /* CDVViewController+SplashScreen.m in Sources */,
				91111850F3AB4F3FB556EC46 /* CDVStatusBar.m in Sources */,
				F2F9ADCD2AB24F7DA10DF2EB /* CDVVibration.m in Sources */,
				4AA7411848FF44199DA9248D /* Toast+UIView.m in Sources */,
				663C6C675E6E4B129A1A3B97 /* Toast.m in Sources */,
				DD0C429D8892493697B5C67C /* BackgroundAudio.m in Sources */,
			);
			runOnlyForDeploymentPostprocessing = 0;
		};
/* End PBXSourcesBuildPhase section */

/* Begin PBXTargetDependency section */
		301BF551109A68C00062928A /* PBXTargetDependency */ = {
			isa = PBXTargetDependency;
			name = CordovaLib;
			targetProxy = 301BF550109A68C00062928A /* PBXContainerItemProxy */;
		};
/* End PBXTargetDependency section */

/* Begin XCBuildConfiguration section */
		1D6058940D05DD3E006BFB54 /* Debug */ = {
			isa = XCBuildConfiguration;
			baseConfigurationReference = 3047A50F1AB8059700498E2A /* build-debug.xcconfig */;
			buildSettings = {
				ALWAYS_SEARCH_USER_PATHS = NO;
				ASSETCATALOG_COMPILER_APPICON_NAME = AppIcon;
				ASSETCATALOG_COMPILER_LAUNCHIMAGE_NAME = LaunchImage;
				CLANG_ENABLE_MODULES = YES;
				CLANG_ENABLE_OBJC_ARC = YES;
				CODE_SIGN_IDENTITY = "iPhone Developer: Rodolfo Canabal (5S76QH63SA)";
				COPY_PHASE_STRIP = NO;
				FRAMEWORK_SEARCH_PATHS = (
					"$(inherited)",
					"\"TataRadio/Plugins/cordova-plugin-facebook4\"",
					"\"TataRadio/Plugins/cordova-plugin-facebook4\"",
					"\"TataRadio/Plugins/cordova-plugin-facebook4\"",
					"\"TataRadio/Plugins/cordova-plugin-facebook4\"",
				);
				GCC_DYNAMIC_NO_PIC = NO;
				GCC_OPTIMIZATION_LEVEL = 0;
				GCC_PRECOMPILE_PREFIX_HEADER = YES;
				GCC_PREFIX_HEADER = "TataRadio/TataRadio-Prefix.pch";
				GCC_THUMB_SUPPORT = NO;
				GCC_VERSION = "";
				INFOPLIST_FILE = "TataRadio/TataRadio-Info.plist";
				LD_RUNPATH_SEARCH_PATHS = "@executable_path/Frameworks";
				PRODUCT_NAME = TataRadio;
				PROVISIONING_PROFILE = "b99c82b8-e700-4986-b0fc-d7e791b4cf86";
			};
			name = Debug;
		};
		1D6058950D05DD3E006BFB54 /* Release */ = {
			isa = XCBuildConfiguration;
			baseConfigurationReference = 3047A5101AB8059700498E2A /* build-release.xcconfig */;
			buildSettings = {
				ALWAYS_SEARCH_USER_PATHS = NO;
				ASSETCATALOG_COMPILER_APPICON_NAME = AppIcon;
				ASSETCATALOG_COMPILER_LAUNCHIMAGE_NAME = LaunchImage;
				CLANG_ENABLE_MODULES = YES;
				CLANG_ENABLE_OBJC_ARC = YES;
				CODE_SIGN_IDENTITY = "iPhone Developer: Rodolfo Canabal (5S76QH63SA)";
				COPY_PHASE_STRIP = YES;
				FRAMEWORK_SEARCH_PATHS = (
					"$(inherited)",
					"\"TataRadio/Plugins/cordova-plugin-facebook4\"",
					"\"TataRadio/Plugins/cordova-plugin-facebook4\"",
					"\"TataRadio/Plugins/cordova-plugin-facebook4\"",
					"\"TataRadio/Plugins/cordova-plugin-facebook4\"",
				);
				GCC_PRECOMPILE_PREFIX_HEADER = YES;
				GCC_PREFIX_HEADER = "TataRadio/TataRadio-Prefix.pch";
				GCC_THUMB_SUPPORT = NO;
				GCC_VERSION = "";
				INFOPLIST_FILE = "TataRadio/TataRadio-Info.plist";
				PRODUCT_NAME = TataRadio;
				PROVISIONING_PROFILE = "b99c82b8-e700-4986-b0fc-d7e791b4cf86";
			};
			name = Release;
		};
		C01FCF4F08A954540054247B /* Debug */ = {
			isa = XCBuildConfiguration;
			baseConfigurationReference = 3047A5111AB8059700498E2A /* build.xcconfig */;
			buildSettings = {
				CLANG_ENABLE_MODULES = YES;
				CLANG_ENABLE_OBJC_ARC = YES;
				CLANG_WARN_BOOL_CONVERSION = YES;
				CLANG_WARN_CONSTANT_CONVERSION = YES;
				CLANG_WARN_EMPTY_BODY = YES;
				CLANG_WARN_ENUM_CONVERSION = YES;
				CLANG_WARN_INT_CONVERSION = YES;
				CLANG_WARN__DUPLICATE_METHOD_MATCH = YES;
				GCC_C_LANGUAGE_STANDARD = c99;
				GCC_THUMB_SUPPORT = NO;
				GCC_VERSION = "";
				GCC_WARN_ABOUT_RETURN_TYPE = YES;
				GCC_WARN_UNDECLARED_SELECTOR = YES;
				GCC_WARN_UNINITIALIZED_AUTOS = YES;
				GCC_WARN_UNUSED_FUNCTION = YES;
				GCC_WARN_UNUSED_VARIABLE = YES;
				ONLY_ACTIVE_ARCH = YES;
				SDKROOT = iphoneos;
				SKIP_INSTALL = NO;
			};
			name = Debug;
		};
		C01FCF5008A954540054247B /* Release */ = {
			isa = XCBuildConfiguration;
			baseConfigurationReference = 3047A5111AB8059700498E2A /* build.xcconfig */;
			buildSettings = {
				CLANG_ENABLE_MODULES = YES;
				CLANG_ENABLE_OBJC_ARC = YES;
				CLANG_WARN_BOOL_CONVERSION = YES;
				CLANG_WARN_CONSTANT_CONVERSION = YES;
				CLANG_WARN_EMPTY_BODY = YES;
				CLANG_WARN_ENUM_CONVERSION = YES;
				CLANG_WARN_INT_CONVERSION = YES;
				CLANG_WARN__DUPLICATE_METHOD_MATCH = YES;
				GCC_C_LANGUAGE_STANDARD = c99;
				GCC_THUMB_SUPPORT = NO;
				GCC_VERSION = "";
				GCC_WARN_ABOUT_RETURN_TYPE = YES;
				GCC_WARN_UNDECLARED_SELECTOR = YES;
				GCC_WARN_UNINITIALIZED_AUTOS = YES;
				GCC_WARN_UNUSED_FUNCTION = YES;
				GCC_WARN_UNUSED_VARIABLE = YES;
				SDKROOT = iphoneos;
				SKIP_INSTALL = NO;
			};
			name = Release;
		};
/* End XCBuildConfiguration section */

/* Begin XCConfigurationList section */
		1D6058960D05DD3E006BFB54 /* Build configuration list for PBXNativeTarget "TataRadio" */ = {
			isa = XCConfigurationList;
			buildConfigurations = (
				1D6058940D05DD3E006BFB54 /* Debug */,
				1D6058950D05DD3E006BFB54 /* Release */,
			);
			defaultConfigurationIsVisible = 0;
			defaultConfigurationName = Release;
		};
		C01FCF4E08A954540054247B /* Build configuration list for PBXProject "TataRadio" */ = {
			isa = XCConfigurationList;
			buildConfigurations = (
				C01FCF4F08A954540054247B /* Debug */,
				C01FCF5008A954540054247B /* Release */,
			);
			defaultConfigurationIsVisible = 0;
			defaultConfigurationName = Release;
		};
/* End XCConfigurationList section */
	};
	rootObject = 29B97313FDCFA39411CA2CEA /* Project object */;
}
